
Microsoft Visual Studio Solution File, Format Version 12.00
# Visual Studio Version 17
VisualStudioVersion = 17.1.32414.318
MinimumVisualStudioVersion = 10.0.40219.1
Project("{9A19103F-16F7-4668-BE54-9A1E7A4F7556}") = "Linker.BusinessLogic", "Linker.BusinessLogic\Linker.BusinessLogic.csproj", "{03390CCA-223B-4326-A762-FFF42562CBED}"
EndProject
Project("{9A19103F-16F7-4668-BE54-9A1E7A4F7556}") = "Linker.App", "Linker.App\Linker.App.csproj", "{2B123114-A52B-4357-8A05-25276D67F6A5}"
EndProject
Global
	GlobalSection(SolutionConfigurationPlatforms) = preSolution
		Debug|Any CPU = Debug|Any CPU
		Release|Any CPU = Release|Any CPU
	EndGlobalSection
	GlobalSection(ProjectConfigurationPlatforms) = postSolution
		{03390CCA-223B-4326-A762-FFF42562CBED}.Debug|Any CPU.ActiveCfg = Debug|Any CPU
		{03390CCA-223B-4326-A762-FFF42562CBED}.Debug|Any CPU.Build.0 = Debug|Any CPU
		{03390CCA-223B-4326-A762-FFF42562CBED}.Release|Any CPU.ActiveCfg = Release|Any CPU
		{03390CCA-223B-4326-A762-FFF42562CBED}.Release|Any CPU.Build.0 = Release|Any CPU
		{2B123114-A52B-4357-8A05-25276D67F6A5}.Debug|Any CPU.ActiveCfg = Debug|Any CPU
		{2B123114-A52B-4357-8A05-25276D67F6A5}.Debug|Any CPU.Build.0 = Debug|Any CPU
		{2B123114-A52B-4357-8A05-25276D67F6A5}.Release|Any CPU.ActiveCfg = Release|Any CPU
		{2B123114-A52B-4357-8A05-25276D67F6A5}.Release|Any CPU.Build.0 = Release|Any CPU
	EndGlobalSection
	GlobalSection(SolutionProperties) = preSolution
		HideSolutionNode = FALSE
	EndGlobalSection
	GlobalSection(ExtensibilityGlobals) = postSolution
		SolutionGuid = {0258DB1A-7CDF-44F6-9136-60632FA5C078}
	EndGlobalSection
EndGlobal
